
Microsoft Visual Studio Solution File, Format Version 12.00
# Visual Studio Version 17
VisualStudioVersion = 17.5.33627.172
MinimumVisualStudioVersion = 10.0.40219.1
Project("{FAE04EC0-301F-11D3-BF4B-00C04F79EFBC}") = "HyundaiFirmwareDecrypter", "HyundaiFirmwareDecrypter\HyundaiFirmwareDecrypter.csproj", "{8CDEE8E3-0D6A-41CF-B0FC-5A8B8508F2FB}"
EndProject
Global
	GlobalSection(SolutionConfigurationPlatforms) = preSolution
		Debug|Any CPU = Debug|Any CPU
		Release|Any CPU = Release|Any CPU
	EndGlobalSection
	GlobalSection(ProjectConfigurationPlatforms) = postSolution
		{8CDEE8E3-0D6A-41CF-B0FC-5A8B8508F2FB}.Debug|Any CPU.ActiveCfg = Debug|Any CPU
		{8CDEE8E3-0D6A-41CF-B0FC-5A8B8508F2FB}.Debug|Any CPU.Build.0 = Debug|Any CPU
		{8CDEE8E3-0D6A-41CF-B0FC-5A8B8508F2FB}.Release|Any CPU.ActiveCfg = Release|Any CPU
		{8CDEE8E3-0D6A-41CF-B0FC-5A8B8508F2FB}.Release|Any CPU.Build.0 = Release|Any CPU
	EndGlobalSection
	GlobalSection(SolutionProperties) = preSolution
		HideSolutionNode = FALSE
	EndGlobalSection
	GlobalSection(ExtensibilityGlobals) = postSolution
		SolutionGuid = {6526F937-775B-4186-8444-F5C9057079E1}
	EndGlobalSection
EndGlobal
